
Microsoft Visual Studio Solution File, Format Version 12.00
# Visual Studio Version 17
VisualStudioVersion = 17.1.32210.238
MinimumVisualStudioVersion = 10.0.40219.1
Project("{FAE04EC0-301F-11D3-BF4B-00C04F79EFBC}") = "EmployeWage", "EmployeWage\EmployeWage.csproj", "{32F86C96-349B-434E-AB8F-FE31AE839A38}"
EndProject
Global
	GlobalSection(SolutionConfigurationPlatforms) = preSolution
		Debug|Any CPU = Debug|Any CPU
		Release|Any CPU = Release|Any CPU
	EndGlobalSection
	GlobalSection(ProjectConfigurationPlatforms) = postSolution
		{32F86C96-349B-434E-AB8F-FE31AE839A38}.Debug|Any CPU.ActiveCfg = Debug|Any CPU
		{32F86C96-349B-434E-AB8F-FE31AE839A38}.Debug|Any CPU.Build.0 = Debug|Any CPU
		{32F86C96-349B-434E-AB8F-FE31AE839A38}.Release|Any CPU.ActiveCfg = Release|Any CPU
		{32F86C96-349B-434E-AB8F-FE31AE839A38}.Release|Any CPU.Build.0 = Release|Any CPU
	EndGlobalSection
	GlobalSection(SolutionProperties) = preSolution
		HideSolutionNode = FALSE
	EndGlobalSection
	GlobalSection(ExtensibilityGlobals) = postSolution
		SolutionGuid = {F53A8434-C2A7-42A2-906D-7D47E441EF10}
	EndGlobalSection
EndGlobal
